
Microsoft Visual Studio Solution File, Format Version 11.00
# Visual Studio 2010
Project("{FAE04EC0-301F-11D3-BF4B-00C04F79EFBC}") = "DE_JSP", "DE_JSP.csproj", "{88E5453D-2435-414F-A62B-75C27268FE1E}"
EndProject
Global
	GlobalSection(SolutionConfigurationPlatforms) = preSolution
		Debug|Any CPU = Debug|Any CPU
		Release|Any CPU = Release|Any CPU
	EndGlobalSection
	GlobalSection(ProjectConfigurationPlatforms) = postSolution
		{88E5453D-2435-414F-A62B-75C27268FE1E}.Debug|Any CPU.ActiveCfg = Debug|Any CPU
		{88E5453D-2435-414F-A62B-75C27268FE1E}.Debug|Any CPU.Build.0 = Debug|Any CPU
		{88E5453D-2435-414F-A62B-75C27268FE1E}.Release|Any CPU.ActiveCfg = Release|Any CPU
		{88E5453D-2435-414F-A62B-75C27268FE1E}.Release|Any CPU.Build.0 = Release|Any CPU
	EndGlobalSection
	GlobalSection(SolutionProperties) = preSolution
		HideSolutionNode = FALSE
	EndGlobalSection
EndGlobal
